
Microsoft Visual Studio Solution File, Format Version 12.00
# Visual Studio Version 17
VisualStudioVersion = 17.3.32901.215
MinimumVisualStudioVersion = 10.0.40219.1
Project("{FAE04EC0-301F-11D3-BF4B-00C04F79EFBC}") = "00010974", "00010974\00010974.csproj", "{B6977348-6990-4038-A690-41DD21D6CB69}"
EndProject
Global
	GlobalSection(SolutionConfigurationPlatforms) = preSolution
		Debug|Any CPU = Debug|Any CPU
		Release|Any CPU = Release|Any CPU
	EndGlobalSection
	GlobalSection(ProjectConfigurationPlatforms) = postSolution
		{B6977348-6990-4038-A690-41DD21D6CB69}.Debug|Any CPU.ActiveCfg = Debug|Any CPU
		{B6977348-6990-4038-A690-41DD21D6CB69}.Debug|Any CPU.Build.0 = Debug|Any CPU
		{B6977348-6990-4038-A690-41DD21D6CB69}.Release|Any CPU.ActiveCfg = Release|Any CPU
		{B6977348-6990-4038-A690-41DD21D6CB69}.Release|Any CPU.Build.0 = Release|Any CPU
	EndGlobalSection
	GlobalSection(SolutionProperties) = preSolution
		HideSolutionNode = FALSE
	EndGlobalSection
	GlobalSection(ExtensibilityGlobals) = postSolution
		SolutionGuid = {EB1F00AA-5D86-4239-BCBB-6047FAECD3BF}
	EndGlobalSection
EndGlobal
